
Microsoft Visual Studio Solution File, Format Version 12.00
# Visual Studio Version 17
VisualStudioVersion = 17.6.33829.357
MinimumVisualStudioVersion = 10.0.40219.1
Project("{FAE04EC0-301F-11D3-BF4B-00C04F79EFBC}") = "ConsoleApp1", "ConsoleApp1\ConsoleApp1.csproj", "{8A77B27D-C0DF-488E-B19D-6142C74252F0}"
EndProject
Global
	GlobalSection(SolutionConfigurationPlatforms) = preSolution
		Debug|Any CPU = Debug|Any CPU
		Release|Any CPU = Release|Any CPU
	EndGlobalSection
	GlobalSection(ProjectConfigurationPlatforms) = postSolution
		{8A77B27D-C0DF-488E-B19D-6142C74252F0}.Debug|Any CPU.ActiveCfg = Debug|Any CPU
		{8A77B27D-C0DF-488E-B19D-6142C74252F0}.Debug|Any CPU.Build.0 = Debug|Any CPU
		{8A77B27D-C0DF-488E-B19D-6142C74252F0}.Release|Any CPU.ActiveCfg = Release|Any CPU
		{8A77B27D-C0DF-488E-B19D-6142C74252F0}.Release|Any CPU.Build.0 = Release|Any CPU
	EndGlobalSection
	GlobalSection(SolutionProperties) = preSolution
		HideSolutionNode = FALSE
	EndGlobalSection
	GlobalSection(ExtensibilityGlobals) = postSolution
		SolutionGuid = {2539A32B-03BB-44A2-BBD4-F7FCA08CDC7C}
	EndGlobalSection
EndGlobal
